
Microsoft Visual Studio Solution File, Format Version 12.00
# Visual Studio Version 17
VisualStudioVersion = 17.4.33213.308
MinimumVisualStudioVersion = 10.0.40219.1
Project("{FAE04EC0-301F-11D3-BF4B-00C04F79EFBC}") = "Calculadora", "Calculadora\Calculadora.csproj", "{0756A431-D331-4328-BEE9-F2A7BF73648A}"
EndProject
Global
	GlobalSection(SolutionConfigurationPlatforms) = preSolution
		Debug|Any CPU = Debug|Any CPU
		Release|Any CPU = Release|Any CPU
	EndGlobalSection
	GlobalSection(ProjectConfigurationPlatforms) = postSolution
		{0756A431-D331-4328-BEE9-F2A7BF73648A}.Debug|Any CPU.ActiveCfg = Debug|Any CPU
		{0756A431-D331-4328-BEE9-F2A7BF73648A}.Debug|Any CPU.Build.0 = Debug|Any CPU
		{0756A431-D331-4328-BEE9-F2A7BF73648A}.Release|Any CPU.ActiveCfg = Release|Any CPU
		{0756A431-D331-4328-BEE9-F2A7BF73648A}.Release|Any CPU.Build.0 = Release|Any CPU
	EndGlobalSection
	GlobalSection(SolutionProperties) = preSolution
		HideSolutionNode = FALSE
	EndGlobalSection
	GlobalSection(ExtensibilityGlobals) = postSolution
		SolutionGuid = {2DFD4430-D4FD-4893-B8E3-114D74D364C4}
	EndGlobalSection
EndGlobal
